// !$*UTF8*$!
{
	archiveVersion = 1;
	classes = {
	};
	objectVersion = 46;
	objects = {

/* Begin PBXBuildFile section */
		1529CD771B352F6E008609F4 /* AppDelegate.swift in Sources */ = {isa = PBXBuildFile; fileRef = 1529CD761B352F6E008609F4 /* AppDelegate.swift */; };
		1529CD791B352F6E008609F4 /* ViewController.swift in Sources */ = {isa = PBXBuildFile; fileRef = 1529CD781B352F6E008609F4 /* ViewController.swift */; };
		1529CD7C1B352F6E008609F4 /* Main.storyboard in Resources */ = {isa = PBXBuildFile; fileRef = 1529CD7A1B352F6E008609F4 /* Main.storyboard */; };
		1529CD7E1B352F6E008609F4 /* Images.xcassets in Resources */ = {isa = PBXBuildFile; fileRef = 1529CD7D1B352F6E008609F4 /* Images.xcassets */; };
		1529CD811B352F6E008609F4 /* LaunchScreen.xib in Resources */ = {isa = PBXBuildFile; fileRef = 1529CD7F1B352F6E008609F4 /* LaunchScreen.xib */; };
		1529CD8D1B352F6E008609F4 /* BullsEyeTests.swift in Sources */ = {isa = PBXBuildFile; fileRef = 1529CD8C1B352F6E008609F4 /* BullsEyeTests.swift */; };
		157412691B3A5C810056B469 /* AboutViewController.swift in Sources */ = {isa = PBXBuildFile; fileRef = 157412681B3A5C810056B469 /* AboutViewController.swift */; };
		1574126F1B3A72880056B469 /* BullsEye.html in Resources */ = {isa = PBXBuildFile; fileRef = 1574126E1B3A72880056B469 /* BullsEye.html */; };
/* End PBXBuildFile section */

/* Begin PBXContainerItemProxy section */
		1529CD871B352F6E008609F4 /* PBXContainerItemProxy */ = {
			isa = PBXContainerItemProxy;
			containerPortal = 1529CD691B352F6E008609F4 /* Project object */;
			proxyType = 1;
			remoteGlobalIDString = 1529CD701B352F6E008609F4;
			remoteInfo = BullsEye;
		};
/* End PBXContainerItemProxy section */

/* Begin PBXFileReference section */
		1529CD711B352F6E008609F4 /* BullsEye.app */ = {isa = PBXFileReference; explicitFileType = wrapper.application; includeInIndex = 0; path = BullsEye.app; sourceTree = BUILT_PRODUCTS_DIR; };
		1529CD751B352F6E008609F4 /* Info.plist */ = {isa = PBXFileReference; lastKnownFileType = text.plist.xml; path = Info.plist; sourceTree = "<group>"; };
		1529CD761B352F6E008609F4 /* AppDelegate.swift */ = {isa = PBXFileReference; lastKnownFileType = sourcecode.swift; path = AppDelegate.swift; sourceTree = "<group>"; };
		1529CD781B352F6E008609F4 /* ViewController.swift */ = {isa = PBXFileReference; lastKnownFileType = sourcecode.swift; path = ViewController.swift; sourceTree = "<group>"; };
		1529CD7B1B352F6E008609F4 /* Base */ = {isa = PBXFileReference; lastKnownFileType = file.storyboard; name = Base; path = Base.lproj/Main.storyboard; sourceTree = "<group>"; };
		1529CD7D1B352F6E008609F4 /* Images.xcassets */ = {isa = PBXFileReference; lastKnownFileType = folder.assetcatalog; path = Images.xcassets; sourceTree = "<group>"; };
		1529CD801B352F6E008609F4 /* Base */ = {isa = PBXFileReference; lastKnownFileType = file.xib; name = Base; path = Base.lproj/LaunchScreen.xib; sourceTree = "<group>"; };
		1529CD861B352F6E008609F4 /* BullsEyeTests.xctest */ = {isa = PBXFileReference; explicitFileType = wrapper.cfbundle; includeInIndex = 0; path = BullsEyeTests.xctest; sourceTree = BUILT_PRODUCTS_DIR; };
		1529CD8B1B352F6E008609F4 /* Info.plist */ = {isa = PBXFileReference; lastKnownFileType = text.plist.xml; path = Info.plist; sourceTree = "<group>"; };
		1529CD8C1B352F6E008609F4 /* BullsEyeTests.swift */ = {isa = PBXFileReference; lastKnownFileType = sourcecode.swift; path = BullsEyeTests.swift; sourceTree = "<group>"; };
		157412681B3A5C810056B469 /* AboutViewController.swift */ = {isa = PBXFileReference; fileEncoding = 4; lastKnownFileType = sourcecode.swift; path = AboutViewController.swift; sourceTree = "<group>"; };
		1574126E1B3A72880056B469 /* BullsEye.html */ = {isa = PBXFileReference; fileEncoding = 4; lastKnownFileType = text.html; path = BullsEye.html; sourceTree = "<group>"; };
/* End PBXFileReference section */

/* Begin PBXFrameworksBuildPhase section */
		1529CD6E1B352F6E008609F4 /* Frameworks */ = {
			isa = PBXFrameworksBuildPhase;
			buildActionMask = 2147483647;
			files = (
			);
			runOnlyForDeploymentPostprocessing = 0;
		};
		1529CD831B352F6E008609F4 /* Frameworks */ = {
			isa = PBXFrameworksBuildPhase;
			buildActionMask = 2147483647;
			files = (
			);
			runOnlyForDeploymentPostprocessing = 0;
		};
/* End PBXFrameworksBuildPhase section */

/* Begin PBXGroup section */
		1529CD681B352F6E008609F4 = {
			isa = PBXGroup;
			children = (
				1529CD731B352F6E008609F4 /* BullsEye */,
				1529CD891B352F6E008609F4 /* BullsEyeTests */,
				1529CD721B352F6E008609F4 /* Products */,
			);
			sourceTree = "<group>";
		};
		1529CD721B352F6E008609F4 /* Products */ = {
			isa = PBXGroup;
			children = (
				1529CD711B352F6E008609F4 /* BullsEye.app */,
				1529CD861B352F6E008609F4 /* BullsEyeTests.xctest */,
			);
			name = Products;
			sourceTree = "<group>";
		};
		1529CD731B352F6E008609F4 /* BullsEye */ = {
			isa = PBXGroup;
			children = (
				1574126E1B3A72880056B469 /* BullsEye.html */,
				1529CD761B352F6E008609F4 /* AppDelegate.swift */,
				1529CD781B352F6E008609F4 /* ViewController.swift */,
				157412681B3A5C810056B469 /* AboutViewController.swift */,
				1529CD7A1B352F6E008609F4 /* Main.storyboard */,
				1529CD7D1B352F6E008609F4 /* Images.xcassets */,
				1529CD7F1B352F6E008609F4 /* LaunchScreen.xib */,
				1529CD741B352F6E008609F4 /* Supporting Files */,
			);
			path = BullsEye;
			sourceTree = "<group>";
		};
		1529CD741B352F6E008609F4 /* Supporting Files */ = {
			isa = PBXGroup;
			children = (
				1529CD751B352F6E008609F4 /* Info.plist */,
			);
			name = "Supporting Files";
			sourceTree = "<group>";
		};
		1529CD891B352F6E008609F4 /* BullsEyeTests */ = {
			isa = PBXGroup;
			children = (
				1529CD8C1B352F6E008609F4 /* BullsEyeTests.swift */,
				1529CD8A1B352F6E008609F4 /* Supporting Files */,
			);
			path = BullsEyeTests;
			sourceTree = "<group>";
		};
		1529CD8A1B352F6E008609F4 /* Supporting Files */ = {
			isa = PBXGroup;
			children = (
				1529CD8B1B352F6E008609F4 /* Info.plist */,
			);
			name = "Supporting Files";
			sourceTree = "<group>";
		};
/* End PBXGroup section */

/* Begin PBXNativeTarget section */
		1529CD701B352F6E008609F4 /* BullsEye */ = {
			isa = PBXNativeTarget;
			buildConfigurationList = 1529CD901B352F6E008609F4 /* Build configuration list for PBXNativeTarget "BullsEye" */;
			buildPhases = (
				1529CD6D1B352F6E008609F4 /* Sources */,
				1529CD6E1B352F6E008609F4 /* Frameworks */,
				1529CD6F1B352F6E008609F4 /* Resources */,
			);
			buildRules = (
			);
			dependencies = (
			);
			name = BullsEye;
			productName = BullsEye;
			productReference = 1529CD711B352F6E008609F4 /* BullsEye.app */;
			productType = "com.apple.product-type.application";
		};
		1529CD851B352F6E008609F4 /* BullsEyeTests */ = {
			isa = PBXNativeTarget;
			buildConfigurationList = 1529CD931B352F6E008609F4 /* Build configuration list for PBXNativeTarget "BullsEyeTests" */;
			buildPhases = (
				1529CD821B352F6E008609F4 /* Sources */,
				1529CD831B352F6E008609F4 /* Frameworks */,
				1529CD841B352F6E008609F4 /* Resources */,
			);
			buildRules = (
			);
			dependencies = (
				1529CD881B352F6E008609F4 /* PBXTargetDependency */,
			);
			name = BullsEyeTests;
			productName = BullsEyeTests;
			productReference = 1529CD861B352F6E008609F4 /* BullsEyeTests.xctest */;
			productType = "com.apple.product-type.bundle.unit-test";
		};
/* End PBXNativeTarget section */

/* Begin PBXProject section */
		1529CD691B352F6E008609F4 /* Project object */ = {
			isa = PBXProject;
			attributes = {
				LastUpgradeCheck = 0630;
				ORGANIZATIONNAME = "Zeyu Fan";
				TargetAttributes = {
					1529CD701B352F6E008609F4 = {
						CreatedOnToolsVersion = 6.3.2;
					};
					1529CD851B352F6E008609F4 = {
						CreatedOnToolsVersion = 6.3.2;
						TestTargetID = 1529CD701B352F6E008609F4;
					};
				};
			};
			buildConfigurationList = 1529CD6C1B352F6E008609F4 /* Build configuration list for PBXProject "BullsEye" */;
			compatibilityVersion = "Xcode 3.2";
			developmentRegion = English;
			hasScannedForEncodings = 0;
			knownRegions = (
				en,
				Base,
			);
			mainGroup = 1529CD681B352F6E008609F4;
			productRefGroup = 1529CD721B352F6E008609F4 /* Products */;
			projectDirPath = "";
			projectRoot = "";
			targets = (
				1529CD701B352F6E008609F4 /* BullsEye */,
				1529CD851B352F6E008609F4 /* BullsEyeTests */,
			);
		};
/* End PBXProject section */

/* Begin PBXResourcesBuildPhase section */
		1529CD6F1B352F6E008609F4 /* Resources */ = {
			isa = PBXResourcesBuildPhase;
			buildActionMask = 2147483647;
			files = (
				1529CD7C1B352F6E008609F4 /* Main.storyboard in Resources */,
				1574126F1B3A72880056B469 /* BullsEye.html in Resources */,
				1529CD811B352F6E008609F4 /* LaunchScreen.xib in Resources */,
				1529CD7E1B352F6E008609F4 /* Images.xcassets in Resources */,
			);
			runOnlyForDeploymentPostprocessing = 0;
		};
		1529CD841B352F6E008609F4 /* Resources */ = {
			isa = PBXResourcesBuildPhase;
			buildActionMask = 2147483647;
			files = (
			);
			runOnlyForDeploymentPostprocessing = 0;
		};
/* End PBXResourcesBuildPhase section */

/* Begin PBXSourcesBuildPhase section */
		1529CD6D1B352F6E008609F4 /* Sources */ = {
			isa = PBXSourcesBuildPhase;
			buildActionMask = 2147483647;
			files = (
				157412691B3A5C810056B469 /* AboutViewController.swift in Sources */,
				1529CD791B352F6E008609F4 /* ViewController.swift in Sources */,
				1529CD771B352F6E008609F4 /* AppDelegate.swift in Sources */,
			);
			runOnlyForDeploymentPostprocessing = 0;
		};
		1529CD821B352F6E008609F4 /* Sources */ = {
			isa = PBXSourcesBuildPhase;
			buildActionMask = 2147483647;
			files = (
				1529CD8D1B352F6E008609F4 /* BullsEyeTests.swift in Sources */,
			);
			runOnlyForDeploymentPostprocessing = 0;
		};
/* End PBXSourcesBuildPhase section */

/* Begin PBXTargetDependency section */
		1529CD881B352F6E008609F4 /* PBXTargetDependency */ = {
			isa = PBXTargetDependency;
			target = 1529CD701B352F6E008609F4 /* BullsEye */;
			targetProxy = 1529CD871B352F6E008609F4 /* PBXContainerItemProxy */;
		};
/* End PBXTargetDependency section */

/* Begin PBXVariantGroup section */
		1529CD7A1B352F6E008609F4 /* Main.storyboard */ = {
			isa = PBXVariantGroup;
			children = (
				1529CD7B1B352F6E008609F4 /* Base */,
			);
			name = Main.storyboard;
			sourceTree = "<group>";
		};
		1529CD7F1B352F6E008609F4 /* LaunchScreen.xib */ = {
			isa = PBXVariantGroup;
			children = (
				1529CD801B352F6E008609F4 /* Base */,
			);
			name = LaunchScreen.xib;
			sourceTree = "<group>";
		};
/* End PBXVariantGroup section */

/* Begin XCBuildConfiguration section */
		1529CD8E1B352F6E008609F4 /* Debug */ = {
			isa = XCBuildConfiguration;
			buildSettings = {
				ALWAYS_SEARCH_USER_PATHS = NO;
				CLANG_CXX_LANGUAGE_STANDARD = "gnu++0x";
				CLANG_CXX_LIBRARY = "libc++";
				CLANG_ENABLE_MODULES = YES;
				CLANG_ENABLE_OBJC_ARC = YES;
				CLANG_WARN_BOOL_CONVERSION = YES;
				CLANG_WARN_CONSTANT_CONVERSION = YES;
				CLANG_WARN_DIRECT_OBJC_ISA_USAGE = YES_ERROR;
				CLANG_WARN_EMPTY_BODY = YES;
				CLANG_WARN_ENUM_CONVERSION = YES;
				CLANG_WARN_INT_CONVERSION = YES;
				CLANG_WARN_OBJC_ROOT_CLASS = YES_ERROR;
				CLANG_WARN_UNREACHABLE_CODE = YES;
				CLANG_WARN__DUPLICATE_METHOD_MATCH = YES;
				"CODE_SIGN_IDENTITY[sdk=iphoneos*]" = "iPhone Developer";
				COPY_PHASE_STRIP = NO;
				DEBUG_INFORMATION_FORMAT = "dwarf-with-dsym";
				ENABLE_STRICT_OBJC_MSGSEND = YES;
				GCC_C_LANGUAGE_STANDARD = gnu99;
				GCC_DYNAMIC_NO_PIC = NO;
				GCC_NO_COMMON_BLOCKS = YES;
				GCC_OPTIMIZATION_LEVEL = 0;
				GCC_PREPROCESSOR_DEFINITIONS = (
					"DEBUG=1",
					"$(inherited)",
				);
				GCC_SYMBOLS_PRIVATE_EXTERN = NO;
				GCC_WARN_64_TO_32_BIT_CONVERSION = YES;
				GCC_WARN_ABOUT_RETURN_TYPE = YES_ERROR;
				GCC_WARN_UNDECLARED_SELECTOR = YES;
				GCC_WARN_UNINITIALIZED_AUTOS = YES_AGGRESSIVE;
				GCC_WARN_UNUSED_FUNCTION = YES;
				GCC_WARN_UNUSED_VARIABLE = YES;
				IPHONEOS_DEPLOYMENT_TARGET = 8.3;
				MTL_ENABLE_DEBUG_INFO = YES;
				ONLY_ACTIVE_ARCH = YES;
				SDKROOT = iphoneos;
				SWIFT_OPTIMIZATION_LEVEL = "-Onone";
			};
			name = Debug;
		};
		1529CD8F1B352F6E008609F4 /* Release */ = {
			isa = XCBuildConfiguration;
			buildSettings = {
				ALWAYS_SEARCH_USER_PATHS = NO;
				CLANG_CXX_LANGUAGE_STANDARD = "gnu++0x";
				CLANG_CXX_LIBRARY = "libc++";
				CLANG_ENABLE_MODULES = YES;
				CLANG_ENABLE_OBJC_ARC = YES;
				CLANG_WARN_BOOL_CONVERSION = YES;
				CLANG_WARN_CONSTANT_CONVERSION = YES;
				CLANG_WARN_DIRECT_OBJC_ISA_USAGE = YES_ERROR;
				CLANG_WARN_EMPTY_BODY = YES;
				CLANG_WARN_ENUM_CONVERSION = YES;
				CLANG_WARN_INT_CONVERSION = YES;
				CLANG_WARN_OBJC_ROOT_CLASS = YES_ERROR;
				CLANG_WARN_UNREACHABLE_CODE = YES;
				CLANG_WARN__DUPLICATE_METHOD_MATCH = YES;
				"CODE_SIGN_IDENTITY[sdk=iphoneos*]" = "iPhone Developer";
				COPY_PHASE_STRIP = NO;
				DEBUG_INFORMATION_FORMAT = "dwarf-with-dsym";
				ENABLE_NS_ASSERTIONS = NO;
				ENABLE_STRICT_OBJC_MSGSEND = YES;
				GCC_C_LANGUAGE_STANDARD = gnu99;
				GCC_NO_COMMON_BLOCKS = YES;
				GCC_WARN_64_TO_32_BIT_CONVERSION = YES;
				GCC_WARN_ABOUT_RETURN_TYPE = YES_ERROR;
				GCC_WARN_UNDECLARED_SELECTOR = YES;
				GCC_WARN_UNINITIALIZED_AUTOS = YES_AGGRESSIVE;
				GCC_WARN_UNUSED_FUNCTION = YES;
				GCC_WARN_UNUSED_VARIABLE = YES;
				IPHONEOS_DEPLOYMENT_TARGET = 8.3;
				MTL_ENABLE_DEBUG_INFO = NO;
				SDKROOT = iphoneos;
				VALIDATE_PRODUCT = YES;
			};
			name = Release;
		};
		1529CD911B352F6E008609F4 /* Debug */ = {
			isa = XCBuildConfiguration;
			buildSettings = {
				ASSETCATALOG_COMPILER_APPICON_NAME = AppIcon;
				INFOPLIST_FILE = BullsEye/Info.plist;
				LD_RUNPATH_SEARCH_PATHS = "$(inherited) @executable_path/Frameworks";
				PRODUCT_NAME = "$(TARGET_NAME)";
			};
			name = Debug;
		};
		1529CD921B352F6E008609F4 /* Release */ = {
			isa = XCBuildConfiguration;
			buildSettings = {
				ASSETCATALOG_COMPILER_APPICON_NAME = AppIcon;
				INFOPLIST_FILE = BullsEye/Info.plist;
				LD_RUNPATH_SEARCH_PATHS = "$(inherited) @executable_path/Frameworks";
				PRODUCT_NAME = "$(TARGET_NAME)";
			};
			name = Release;
		};
		1529CD941B352F6E008609F4 /* Debug */ = {
			isa = XCBuildConfiguration;
			buildSettings = {
				BUNDLE_LOADER = "$(TEST_HOST)";
				FRAMEWORK_SEARCH_PATHS = (
					"$(SDKROOT)/Developer/Library/Frameworks",
					"$(inherited)",
				);
				GCC_PREPROCESSOR_DEFINITIONS = (
					"DEBUG=1",
					"$(inherited)",
				);
				INFOPLIST_FILE = BullsEyeTests/Info.plist;
				LD_RUNPATH_SEARCH_PATHS = "$(inherited) @executable_path/Frameworks @loader_path/Frameworks";
				PRODUCT_NAME = "$(TARGET_NAME)";
				TEST_HOST = "$(BUILT_PRODUCTS_DIR)/BullsEye.app/BullsEye";
			};
			name = Debug;
		};
		1529CD951B352F6E008609F4 /* Release */ = {
			isa = XCBuildConfiguration;
			buildSettings = {
				BUNDLE_LOADER = "$(TEST_HOST)";
				FRAMEWORK_SEARCH_PATHS = (
					"$(SDKROOT)/Developer/Library/Frameworks",
					"$(inherited)",
				);
				INFOPLIST_FILE = BullsEyeTests/Info.plist;
				LD_RUNPATH_SEARCH_PATHS = "$(inherited) @executable_path/Frameworks @loader_path/Frameworks";
				PRODUCT_NAME = "$(TARGET_NAME)";
				TEST_HOST = "$(BUILT_PRODUCTS_DIR)/BullsEye.app/BullsEye";
			};
			name = Release;
		};
/* End XCBuildConfiguration section */

/* Begin XCConfigurationList section */
		1529CD6C1B352F6E008609F4 /* Build configuration list for PBXProject "BullsEye" */ = {
			isa = XCConfigurationList;
			buildConfigurations = (
				1529CD8E1B352F6E008609F4 /* Debug */,
				1529CD8F1B352F6E008609F4 /* Release */,
			);
			defaultConfigurationIsVisible = 0;
			defaultConfigurationName = Release;
		};
		1529CD901B352F6E008609F4 /* Build configuration list for PBXNativeTarget "BullsEye" */ = {
			isa = XCConfigurationList;
			buildConfigurations = (
				1529CD911B352F6E008609F4 /* Debug */,
				1529CD921B352F6E008609F4 /* Release */,
			);
			defaultConfigurationIsVisible = 0;
			defaultConfigurationName = Release;
		};
		1529CD931B352F6E008609F4 /* Build configuration list for PBXNativeTarget "BullsEyeTests" */ = {
			isa = XCConfigurationList;
			buildConfigurations = (
				1529CD941B352F6E008609F4 /* Debug */,
				1529CD951B352F6E008609F4 /* Release */,
			);
			defaultConfigurationIsVisible = 0;
			defaultConfigurationName = Release;
		};
/* End XCConfigurationList section */
	};
	rootObject = 1529CD691B352F6E008609F4 /* Project object */;
}
